
Microsoft Visual Studio Solution File, Format Version 12.00
# Visual Studio Express 15 for Windows Desktop
VisualStudioVersion = 15.0.27004.2005
MinimumVisualStudioVersion = 10.0.40219.1
Project("{FAE04EC0-301F-11D3-BF4B-00C04F79EFBC}") = "MonopolyGame", "MonopolyGame.csproj", "{10FB764B-E7E9-48CB-B0D4-B61219D6B118}"
EndProject
Project("{FAE04EC0-301F-11D3-BF4B-00C04F79EFBC}") = "MonopolyUnitTest", "..\CellUnitTest\MonopolyUnitTest.csproj", "{B81CC285-DF2A-4177-9A83-FB0448948784}"
EndProject
Global
	GlobalSection(SolutionConfigurationPlatforms) = preSolution
		Debug|Any CPU = Debug|Any CPU
		Release|Any CPU = Release|Any CPU
	EndGlobalSection
	GlobalSection(ProjectConfigurationPlatforms) = postSolution
		{10FB764B-E7E9-48CB-B0D4-B61219D6B118}.Debug|Any CPU.ActiveCfg = Debug|Any CPU
		{10FB764B-E7E9-48CB-B0D4-B61219D6B118}.Debug|Any CPU.Build.0 = Debug|Any CPU
		{10FB764B-E7E9-48CB-B0D4-B61219D6B118}.Release|Any CPU.ActiveCfg = Release|Any CPU
		{10FB764B-E7E9-48CB-B0D4-B61219D6B118}.Release|Any CPU.Build.0 = Release|Any CPU
		{B81CC285-DF2A-4177-9A83-FB0448948784}.Debug|Any CPU.ActiveCfg = Debug|Any CPU
		{B81CC285-DF2A-4177-9A83-FB0448948784}.Debug|Any CPU.Build.0 = Debug|Any CPU
		{B81CC285-DF2A-4177-9A83-FB0448948784}.Release|Any CPU.ActiveCfg = Release|Any CPU
		{B81CC285-DF2A-4177-9A83-FB0448948784}.Release|Any CPU.Build.0 = Release|Any CPU
	EndGlobalSection
	GlobalSection(SolutionProperties) = preSolution
		HideSolutionNode = FALSE
	EndGlobalSection
	GlobalSection(ExtensibilityGlobals) = postSolution
		SolutionGuid = {22A12B17-1BE2-4ED5-A426-0352F2978912}
	EndGlobalSection
EndGlobal
